// !$*UTF8*$!
{
	archiveVersion = 1;
	classes = {
	};
	objectVersion = 46;
	objects = {

/* Begin PBXBuildFile section */
		471C71FF1E8FC57B000C2C39 /* Localizable.strings in Resources */ = {isa = PBXBuildFile; fileRef = 471C72011E8FC57B000C2C39 /* Localizable.strings */; };
		471C72041E8FE085000C2C39 /* StringExt.swift in Sources */ = {isa = PBXBuildFile; fileRef = 471C72031E8FE085000C2C39 /* StringExt.swift */; };
		471C72061E8FE08D000C2C39 /* DoubleExt.swift in Sources */ = {isa = PBXBuildFile; fileRef = 471C72051E8FE08D000C2C39 /* DoubleExt.swift */; };
		47228DED1E8EB9B200C261F9 /* AppDelegate.swift in Sources */ = {isa = PBXBuildFile; fileRef = 47228DEC1E8EB9B200C261F9 /* AppDelegate.swift */; };
		47228DEF1E8EB9B200C261F9 /* ViewController.swift in Sources */ = {isa = PBXBuildFile; fileRef = 47228DEE1E8EB9B200C261F9 /* ViewController.swift */; };
		47228DF21E8EB9B200C261F9 /* Main.storyboard in Resources */ = {isa = PBXBuildFile; fileRef = 47228DF01E8EB9B200C261F9 /* Main.storyboard */; };
		47228DF41E8EB9B200C261F9 /* Assets.xcassets in Resources */ = {isa = PBXBuildFile; fileRef = 47228DF31E8EB9B200C261F9 /* Assets.xcassets */; };
		47228DF71E8EB9B200C261F9 /* LaunchScreen.storyboard in Resources */ = {isa = PBXBuildFile; fileRef = 47228DF51E8EB9B200C261F9 /* LaunchScreen.storyboard */; };
		47228E021E8EB9B200C261F9 /* DuePaymentsTests.swift in Sources */ = {isa = PBXBuildFile; fileRef = 47228E011E8EB9B200C261F9 /* DuePaymentsTests.swift */; };
		47228E0D1E8EB9B200C261F9 /* DuePaymentsUITests.swift in Sources */ = {isa = PBXBuildFile; fileRef = 47228E0C1E8EB9B200C261F9 /* DuePaymentsUITests.swift */; };
		47228E1B1E8EBADD00C261F9 /* Payment.swift in Sources */ = {isa = PBXBuildFile; fileRef = 47228E1A1E8EBADD00C261F9 /* Payment.swift */; };
		47228E1D1E8EC02600C261F9 /* PaymentCell.swift in Sources */ = {isa = PBXBuildFile; fileRef = 47228E1C1E8EC02600C261F9 /* PaymentCell.swift */; };
		47228E1F1E8ECD4900C261F9 /* DictionaryMappable.swift in Sources */ = {isa = PBXBuildFile; fileRef = 47228E1E1E8ECD4900C261F9 /* DictionaryMappable.swift */; };
		47228E211E8ECFA100C261F9 /* test.json in Resources */ = {isa = PBXBuildFile; fileRef = 47228E201E8ECFA100C261F9 /* test.json */; };
		47228E251E8ED21200C261F9 /* Alamofire.framework in Frameworks */ = {isa = PBXBuildFile; fileRef = 47228E231E8ED21200C261F9 /* Alamofire.framework */; };
		47228E261E8ED21200C261F9 /* SwiftyJSON.framework in Frameworks */ = {isa = PBXBuildFile; fileRef = 47228E241E8ED21200C261F9 /* SwiftyJSON.framework */; };
		47228E311E8EF30200C261F9 /* Payments.swift in Sources */ = {isa = PBXBuildFile; fileRef = 47228E301E8EF30200C261F9 /* Payments.swift */; };
		47228E331E8F02C200C261F9 /* AddPaymentViewController.swift in Sources */ = {isa = PBXBuildFile; fileRef = 47228E321E8F02C200C261F9 /* AddPaymentViewController.swift */; };
		47228E361E8F06EA00C261F9 /* UIViewControllerExtensions.swift in Sources */ = {isa = PBXBuildFile; fileRef = 47228E351E8F06EA00C261F9 /* UIViewControllerExtensions.swift */; };
/* End PBXBuildFile section */

/* Begin PBXContainerItemProxy section */
		47228DFE1E8EB9B200C261F9 /* PBXContainerItemProxy */ = {
			isa = PBXContainerItemProxy;
			containerPortal = 47228DE11E8EB9B200C261F9 /* Project object */;
			proxyType = 1;
			remoteGlobalIDString = 47228DE81E8EB9B200C261F9;
			remoteInfo = DuePayments;
		};
		47228E091E8EB9B200C261F9 /* PBXContainerItemProxy */ = {
			isa = PBXContainerItemProxy;
			containerPortal = 47228DE11E8EB9B200C261F9 /* Project object */;
			proxyType = 1;
			remoteGlobalIDString = 47228DE81E8EB9B200C261F9;
			remoteInfo = DuePayments;
		};
/* End PBXContainerItemProxy section */

/* Begin PBXFileReference section */
		471C71FB1E8FBFDF000C2C39 /* en */ = {isa = PBXFileReference; lastKnownFileType = text.plist.strings; name = en; path = en.lproj/Main.strings; sourceTree = "<group>"; };
		471C71FE1E8FC479000C2C39 /* pl */ = {isa = PBXFileReference; lastKnownFileType = text.plist.strings; name = pl; path = pl.lproj/Main.strings; sourceTree = "<group>"; };
		471C72001E8FC57B000C2C39 /* en */ = {isa = PBXFileReference; lastKnownFileType = text.plist.strings; name = en; path = en.lproj/Localizable.strings; sourceTree = "<group>"; };
		471C72021E8FC57E000C2C39 /* pl */ = {isa = PBXFileReference; lastKnownFileType = text.plist.strings; name = pl; path = pl.lproj/Localizable.strings; sourceTree = "<group>"; };
		471C72031E8FE085000C2C39 /* StringExt.swift */ = {isa = PBXFileReference; fileEncoding = 4; lastKnownFileType = sourcecode.swift; path = StringExt.swift; sourceTree = "<group>"; };
		471C72051E8FE08D000C2C39 /* DoubleExt.swift */ = {isa = PBXFileReference; fileEncoding = 4; lastKnownFileType = sourcecode.swift; path = DoubleExt.swift; sourceTree = "<group>"; };
		47228DE91E8EB9B200C261F9 /* DuePayments.app */ = {isa = PBXFileReference; explicitFileType = wrapper.application; includeInIndex = 0; path = DuePayments.app; sourceTree = BUILT_PRODUCTS_DIR; };
		47228DEC1E8EB9B200C261F9 /* AppDelegate.swift */ = {isa = PBXFileReference; lastKnownFileType = sourcecode.swift; path = AppDelegate.swift; sourceTree = "<group>"; };
		47228DEE1E8EB9B200C261F9 /* ViewController.swift */ = {isa = PBXFileReference; lastKnownFileType = sourcecode.swift; path = ViewController.swift; sourceTree = "<group>"; };
		47228DF11E8EB9B200C261F9 /* Base */ = {isa = PBXFileReference; lastKnownFileType = file.storyboard; name = Base; path = Base.lproj/Main.storyboard; sourceTree = "<group>"; };
		47228DF31E8EB9B200C261F9 /* Assets.xcassets */ = {isa = PBXFileReference; lastKnownFileType = folder.assetcatalog; path = Assets.xcassets; sourceTree = "<group>"; };
		47228DF61E8EB9B200C261F9 /* Base */ = {isa = PBXFileReference; lastKnownFileType = file.storyboard; name = Base; path = Base.lproj/LaunchScreen.storyboard; sourceTree = "<group>"; };
		47228DF81E8EB9B200C261F9 /* Info.plist */ = {isa = PBXFileReference; lastKnownFileType = text.plist.xml; path = Info.plist; sourceTree = "<group>"; };
		47228DFD1E8EB9B200C261F9 /* DuePaymentsTests.xctest */ = {isa = PBXFileReference; explicitFileType = wrapper.cfbundle; includeInIndex = 0; path = DuePaymentsTests.xctest; sourceTree = BUILT_PRODUCTS_DIR; };
		47228E011E8EB9B200C261F9 /* DuePaymentsTests.swift */ = {isa = PBXFileReference; lastKnownFileType = sourcecode.swift; path = DuePaymentsTests.swift; sourceTree = "<group>"; };
		47228E031E8EB9B200C261F9 /* Info.plist */ = {isa = PBXFileReference; lastKnownFileType = text.plist.xml; path = Info.plist; sourceTree = "<group>"; };
		47228E081E8EB9B200C261F9 /* DuePaymentsUITests.xctest */ = {isa = PBXFileReference; explicitFileType = wrapper.cfbundle; includeInIndex = 0; path = DuePaymentsUITests.xctest; sourceTree = BUILT_PRODUCTS_DIR; };
		47228E0C1E8EB9B200C261F9 /* DuePaymentsUITests.swift */ = {isa = PBXFileReference; lastKnownFileType = sourcecode.swift; path = DuePaymentsUITests.swift; sourceTree = "<group>"; };
		47228E0E1E8EB9B200C261F9 /* Info.plist */ = {isa = PBXFileReference; lastKnownFileType = text.plist.xml; path = Info.plist; sourceTree = "<group>"; };
		47228E1A1E8EBADD00C261F9 /* Payment.swift */ = {isa = PBXFileReference; fileEncoding = 4; lastKnownFileType = sourcecode.swift; path = Payment.swift; sourceTree = "<group>"; };
		47228E1C1E8EC02600C261F9 /* PaymentCell.swift */ = {isa = PBXFileReference; fileEncoding = 4; lastKnownFileType = sourcecode.swift; path = PaymentCell.swift; sourceTree = "<group>"; };
		47228E1E1E8ECD4900C261F9 /* DictionaryMappable.swift */ = {isa = PBXFileReference; fileEncoding = 4; lastKnownFileType = sourcecode.swift; path = DictionaryMappable.swift; sourceTree = "<group>"; };
		47228E201E8ECFA100C261F9 /* test.json */ = {isa = PBXFileReference; fileEncoding = 4; lastKnownFileType = text.json; path = test.json; sourceTree = "<group>"; };
		47228E231E8ED21200C261F9 /* Alamofire.framework */ = {isa = PBXFileReference; lastKnownFileType = wrapper.framework; name = Alamofire.framework; path = Carthage/Build/iOS/Alamofire.framework; sourceTree = "<group>"; };
		47228E241E8ED21200C261F9 /* SwiftyJSON.framework */ = {isa = PBXFileReference; lastKnownFileType = wrapper.framework; name = SwiftyJSON.framework; path = Carthage/Build/iOS/SwiftyJSON.framework; sourceTree = "<group>"; };
		47228E301E8EF30200C261F9 /* Payments.swift */ = {isa = PBXFileReference; fileEncoding = 4; lastKnownFileType = sourcecode.swift; path = Payments.swift; sourceTree = "<group>"; };
		47228E321E8F02C200C261F9 /* AddPaymentViewController.swift */ = {isa = PBXFileReference; fileEncoding = 4; lastKnownFileType = sourcecode.swift; path = AddPaymentViewController.swift; sourceTree = "<group>"; };
		47228E351E8F06EA00C261F9 /* UIViewControllerExtensions.swift */ = {isa = PBXFileReference; fileEncoding = 4; lastKnownFileType = sourcecode.swift; path = UIViewControllerExtensions.swift; sourceTree = "<group>"; };
/* End PBXFileReference section */

/* Begin PBXFrameworksBuildPhase section */
		47228DE61E8EB9B200C261F9 /* Frameworks */ = {
			isa = PBXFrameworksBuildPhase;
			buildActionMask = 2147483647;
			files = (
				47228E251E8ED21200C261F9 /* Alamofire.framework in Frameworks */,
				47228E261E8ED21200C261F9 /* SwiftyJSON.framework in Frameworks */,
			);
			runOnlyForDeploymentPostprocessing = 0;
		};
		47228DFA1E8EB9B200C261F9 /* Frameworks */ = {
			isa = PBXFrameworksBuildPhase;
			buildActionMask = 2147483647;
			files = (
			);
			runOnlyForDeploymentPostprocessing = 0;
		};
		47228E051E8EB9B200C261F9 /* Frameworks */ = {
			isa = PBXFrameworksBuildPhase;
			buildActionMask = 2147483647;
			files = (
			);
			runOnlyForDeploymentPostprocessing = 0;
		};
/* End PBXFrameworksBuildPhase section */

/* Begin PBXGroup section */
		47228DE01E8EB9B200C261F9 = {
			isa = PBXGroup;
			children = (
				47228DEB1E8EB9B200C261F9 /* DuePayments */,
				47228E001E8EB9B200C261F9 /* DuePaymentsTests */,
				47228E0B1E8EB9B200C261F9 /* DuePaymentsUITests */,
				47228DEA1E8EB9B200C261F9 /* Products */,
				47228E221E8ED21200C261F9 /* Frameworks */,
			);
			sourceTree = "<group>";
		};
		47228DEA1E8EB9B200C261F9 /* Products */ = {
			isa = PBXGroup;
			children = (
				47228DE91E8EB9B200C261F9 /* DuePayments.app */,
				47228DFD1E8EB9B200C261F9 /* DuePaymentsTests.xctest */,
				47228E081E8EB9B200C261F9 /* DuePaymentsUITests.xctest */,
			);
			name = Products;
			sourceTree = "<group>";
		};
		47228DEB1E8EB9B200C261F9 /* DuePayments */ = {
			isa = PBXGroup;
			children = (
				47228E341E8F06E000C261F9 /* Extensions */,
				47228DEC1E8EB9B200C261F9 /* AppDelegate.swift */,
				47228DEE1E8EB9B200C261F9 /* ViewController.swift */,
				47228E321E8F02C200C261F9 /* AddPaymentViewController.swift */,
				47228E1C1E8EC02600C261F9 /* PaymentCell.swift */,
				47228DF01E8EB9B200C261F9 /* Main.storyboard */,
				471C72011E8FC57B000C2C39 /* Localizable.strings */,
				47228DF31E8EB9B200C261F9 /* Assets.xcassets */,
				47228DF51E8EB9B200C261F9 /* LaunchScreen.storyboard */,
				47228DF81E8EB9B200C261F9 /* Info.plist */,
				47228E1A1E8EBADD00C261F9 /* Payment.swift */,
				47228E1E1E8ECD4900C261F9 /* DictionaryMappable.swift */,
				47228E201E8ECFA100C261F9 /* test.json */,
				47228E301E8EF30200C261F9 /* Payments.swift */,
			);
			path = DuePayments;
			sourceTree = "<group>";
		};
		47228E001E8EB9B200C261F9 /* DuePaymentsTests */ = {
			isa = PBXGroup;
			children = (
				47228E011E8EB9B200C261F9 /* DuePaymentsTests.swift */,
				47228E031E8EB9B200C261F9 /* Info.plist */,
			);
			path = DuePaymentsTests;
			sourceTree = "<group>";
		};
		47228E0B1E8EB9B200C261F9 /* DuePaymentsUITests */ = {
			isa = PBXGroup;
			children = (
				47228E0C1E8EB9B200C261F9 /* DuePaymentsUITests.swift */,
				47228E0E1E8EB9B200C261F9 /* Info.plist */,
			);
			path = DuePaymentsUITests;
			sourceTree = "<group>";
		};
		47228E221E8ED21200C261F9 /* Frameworks */ = {
			isa = PBXGroup;
			children = (
				47228E231E8ED21200C261F9 /* Alamofire.framework */,
				47228E241E8ED21200C261F9 /* SwiftyJSON.framework */,
			);
			name = Frameworks;
			sourceTree = "<group>";
		};
		47228E341E8F06E000C261F9 /* Extensions */ = {
			isa = PBXGroup;
			children = (
				47228E351E8F06EA00C261F9 /* UIViewControllerExtensions.swift */,
				471C72031E8FE085000C2C39 /* StringExt.swift */,
				471C72051E8FE08D000C2C39 /* DoubleExt.swift */,
			);
			name = Extensions;
			sourceTree = "<group>";
		};
/* End PBXGroup section */

/* Begin PBXNativeTarget section */
		47228DE81E8EB9B200C261F9 /* DuePayments */ = {
			isa = PBXNativeTarget;
			buildConfigurationList = 47228E111E8EB9B200C261F9 /* Build configuration list for PBXNativeTarget "DuePayments" */;
			buildPhases = (
				47228DE51E8EB9B200C261F9 /* Sources */,
				47228DE71E8EB9B200C261F9 /* Resources */,
				47228DE61E8EB9B200C261F9 /* Frameworks */,
				47228E2F1E8EDB0700C261F9 /* ShellScript */,
			);
			buildRules = (
			);
			dependencies = (
			);
			name = DuePayments;
			productName = DuePayments;
			productReference = 47228DE91E8EB9B200C261F9 /* DuePayments.app */;
			productType = "com.apple.product-type.application";
		};
		47228DFC1E8EB9B200C261F9 /* DuePaymentsTests */ = {
			isa = PBXNativeTarget;
			buildConfigurationList = 47228E141E8EB9B200C261F9 /* Build configuration list for PBXNativeTarget "DuePaymentsTests" */;
			buildPhases = (
				47228DF91E8EB9B200C261F9 /* Sources */,
				47228DFA1E8EB9B200C261F9 /* Frameworks */,
				47228DFB1E8EB9B200C261F9 /* Resources */,
			);
			buildRules = (
			);
			dependencies = (
				47228DFF1E8EB9B200C261F9 /* PBXTargetDependency */,
			);
			name = DuePaymentsTests;
			productName = DuePaymentsTests;
			productReference = 47228DFD1E8EB9B200C261F9 /* DuePaymentsTests.xctest */;
			productType = "com.apple.product-type.bundle.unit-test";
		};
		47228E071E8EB9B200C261F9 /* DuePaymentsUITests */ = {
			isa = PBXNativeTarget;
			buildConfigurationList = 47228E171E8EB9B200C261F9 /* Build configuration list for PBXNativeTarget "DuePaymentsUITests" */;
			buildPhases = (
				47228E041E8EB9B200C261F9 /* Sources */,
				47228E051E8EB9B200C261F9 /* Frameworks */,
				47228E061E8EB9B200C261F9 /* Resources */,
			);
			buildRules = (
			);
			dependencies = (
				47228E0A1E8EB9B200C261F9 /* PBXTargetDependency */,
			);
			name = DuePaymentsUITests;
			productName = DuePaymentsUITests;
			productReference = 47228E081E8EB9B200C261F9 /* DuePaymentsUITests.xctest */;
			productType = "com.apple.product-type.bundle.ui-testing";
		};
/* End PBXNativeTarget section */

/* Begin PBXProject section */
		47228DE11E8EB9B200C261F9 /* Project object */ = {
			isa = PBXProject;
			attributes = {
				LastSwiftUpdateCheck = 0820;
				LastUpgradeCheck = 0820;
				ORGANIZATIONNAME = "Paweł Wojtkowiak";
				TargetAttributes = {
					47228DE81E8EB9B200C261F9 = {
						CreatedOnToolsVersion = 8.2;
						DevelopmentTeam = AM3YAYSGAM;
						ProvisioningStyle = Automatic;
					};
					47228DFC1E8EB9B200C261F9 = {
						CreatedOnToolsVersion = 8.2;
						DevelopmentTeam = AM3YAYSGAM;
						ProvisioningStyle = Automatic;
						TestTargetID = 47228DE81E8EB9B200C261F9;
					};
					47228E071E8EB9B200C261F9 = {
						CreatedOnToolsVersion = 8.2;
						DevelopmentTeam = AM3YAYSGAM;
						ProvisioningStyle = Automatic;
						TestTargetID = 47228DE81E8EB9B200C261F9;
					};
				};
			};
			buildConfigurationList = 47228DE41E8EB9B200C261F9 /* Build configuration list for PBXProject "DuePayments" */;
			compatibilityVersion = "Xcode 3.2";
			developmentRegion = English;
			hasScannedForEncodings = 0;
			knownRegions = (
				en,
				Base,
				pl,
			);
			mainGroup = 47228DE01E8EB9B200C261F9;
			productRefGroup = 47228DEA1E8EB9B200C261F9 /* Products */;
			projectDirPath = "";
			projectRoot = "";
			targets = (
				47228DE81E8EB9B200C261F9 /* DuePayments */,
				47228DFC1E8EB9B200C261F9 /* DuePaymentsTests */,
				47228E071E8EB9B200C261F9 /* DuePaymentsUITests */,
			);
		};
/* End PBXProject section */

/* Begin PBXResourcesBuildPhase section */
		47228DE71E8EB9B200C261F9 /* Resources */ = {
			isa = PBXResourcesBuildPhase;
			buildActionMask = 2147483647;
			files = (
				471C71FF1E8FC57B000C2C39 /* Localizable.strings in Resources */,
				47228DF71E8EB9B200C261F9 /* LaunchScreen.storyboard in Resources */,
				47228DF41E8EB9B200C261F9 /* Assets.xcassets in Resources */,
				47228E211E8ECFA100C261F9 /* test.json in Resources */,
				47228DF21E8EB9B200C261F9 /* Main.storyboard in Resources */,
			);
			runOnlyForDeploymentPostprocessing = 0;
		};
		47228DFB1E8EB9B200C261F9 /* Resources */ = {
			isa = PBXResourcesBuildPhase;
			buildActionMask = 2147483647;
			files = (
			);
			runOnlyForDeploymentPostprocessing = 0;
		};
		47228E061E8EB9B200C261F9 /* Resources */ = {
			isa = PBXResourcesBuildPhase;
			buildActionMask = 2147483647;
			files = (
			);
			runOnlyForDeploymentPostprocessing = 0;
		};
/* End PBXResourcesBuildPhase section */

/* Begin PBXShellScriptBuildPhase section */
		47228E2F1E8EDB0700C261F9 /* ShellScript */ = {
			isa = PBXShellScriptBuildPhase;
			buildActionMask = 2147483647;
			files = (
			);
			inputPaths = (
				"$(SRCROOT)/Carthage/Build/iOS/Alamofire.framework",
				"$(SRCROOT)/Carthage/Build/iOS/SwiftyJSON.framework",
			);
			outputPaths = (
			);
			runOnlyForDeploymentPostprocessing = 0;
			shellPath = /bin/sh;
			shellScript = "/usr/local/bin/carthage copy-frameworks";
		};
/* End PBXShellScriptBuildPhase section */

/* Begin PBXSourcesBuildPhase section */
		47228DE51E8EB9B200C261F9 /* Sources */ = {
			isa = PBXSourcesBuildPhase;
			buildActionMask = 2147483647;
			files = (
				47228E361E8F06EA00C261F9 /* UIViewControllerExtensions.swift in Sources */,
				47228E311E8EF30200C261F9 /* Payments.swift in Sources */,
				47228DEF1E8EB9B200C261F9 /* ViewController.swift in Sources */,
				47228E1B1E8EBADD00C261F9 /* Payment.swift in Sources */,
				471C72061E8FE08D000C2C39 /* DoubleExt.swift in Sources */,
				471C72041E8FE085000C2C39 /* StringExt.swift in Sources */,
				47228E1D1E8EC02600C261F9 /* PaymentCell.swift in Sources */,
				47228E1F1E8ECD4900C261F9 /* DictionaryMappable.swift in Sources */,
				47228E331E8F02C200C261F9 /* AddPaymentViewController.swift in Sources */,
				47228DED1E8EB9B200C261F9 /* AppDelegate.swift in Sources */,
			);
			runOnlyForDeploymentPostprocessing = 0;
		};
		47228DF91E8EB9B200C261F9 /* Sources */ = {
			isa = PBXSourcesBuildPhase;
			buildActionMask = 2147483647;
			files = (
				47228E021E8EB9B200C261F9 /* DuePaymentsTests.swift in Sources */,
			);
			runOnlyForDeploymentPostprocessing = 0;
		};
		47228E041E8EB9B200C261F9 /* Sources */ = {
			isa = PBXSourcesBuildPhase;
			buildActionMask = 2147483647;
			files = (
				47228E0D1E8EB9B200C261F9 /* DuePaymentsUITests.swift in Sources */,
			);
			runOnlyForDeploymentPostprocessing = 0;
		};
/* End PBXSourcesBuildPhase section */

/* Begin PBXTargetDependency section */
		47228DFF1E8EB9B200C261F9 /* PBXTargetDependency */ = {
			isa = PBXTargetDependency;
			target = 47228DE81E8EB9B200C261F9 /* DuePayments */;
			targetProxy = 47228DFE1E8EB9B200C261F9 /* PBXContainerItemProxy */;
		};
		47228E0A1E8EB9B200C261F9 /* PBXTargetDependency */ = {
			isa = PBXTargetDependency;
			target = 47228DE81E8EB9B200C261F9 /* DuePayments */;
			targetProxy = 47228E091E8EB9B200C261F9 /* PBXContainerItemProxy */;
		};
/* End PBXTargetDependency section */

/* Begin PBXVariantGroup section */
		471C72011E8FC57B000C2C39 /* Localizable.strings */ = {
			isa = PBXVariantGroup;
			children = (
				471C72001E8FC57B000C2C39 /* en */,
				471C72021E8FC57E000C2C39 /* pl */,
			);
			name = Localizable.strings;
			sourceTree = "<group>";
		};
		47228DF01E8EB9B200C261F9 /* Main.storyboard */ = {
			isa = PBXVariantGroup;
			children = (
				47228DF11E8EB9B200C261F9 /* Base */,
				471C71FB1E8FBFDF000C2C39 /* en */,
				471C71FE1E8FC479000C2C39 /* pl */,
			);
			name = Main.storyboard;
			sourceTree = "<group>";
		};
		47228DF51E8EB9B200C261F9 /* LaunchScreen.storyboard */ = {
			isa = PBXVariantGroup;
			children = (
				47228DF61E8EB9B200C261F9 /* Base */,
			);
			name = LaunchScreen.storyboard;
			sourceTree = "<group>";
		};
/* End PBXVariantGroup section */

/* Begin XCBuildConfiguration section */
		47228E0F1E8EB9B200C261F9 /* Debug */ = {
			isa = XCBuildConfiguration;
			buildSettings = {
				ALWAYS_SEARCH_USER_PATHS = NO;
				CLANG_ANALYZER_LOCALIZABILITY_NONLOCALIZED = YES;
				CLANG_ANALYZER_NONNULL = YES;
				CLANG_CXX_LANGUAGE_STANDARD = "gnu++0x";
				CLANG_CXX_LIBRARY = "libc++";
				CLANG_ENABLE_MODULES = YES;
				CLANG_ENABLE_OBJC_ARC = YES;
				CLANG_WARN_BOOL_CONVERSION = YES;
				CLANG_WARN_CONSTANT_CONVERSION = YES;
				CLANG_WARN_DIRECT_OBJC_ISA_USAGE = YES_ERROR;
				CLANG_WARN_DOCUMENTATION_COMMENTS = YES;
				CLANG_WARN_EMPTY_BODY = YES;
				CLANG_WARN_ENUM_CONVERSION = YES;
				CLANG_WARN_INFINITE_RECURSION = YES;
				CLANG_WARN_INT_CONVERSION = YES;
				CLANG_WARN_OBJC_ROOT_CLASS = YES_ERROR;
				CLANG_WARN_SUSPICIOUS_MOVE = YES;
				CLANG_WARN_UNREACHABLE_CODE = YES;
				CLANG_WARN__DUPLICATE_METHOD_MATCH = YES;
				"CODE_SIGN_IDENTITY[sdk=iphoneos*]" = "iPhone Developer";
				COPY_PHASE_STRIP = NO;
				DEBUG_INFORMATION_FORMAT = dwarf;
				ENABLE_STRICT_OBJC_MSGSEND = YES;
				ENABLE_TESTABILITY = YES;
				GCC_C_LANGUAGE_STANDARD = gnu99;
				GCC_DYNAMIC_NO_PIC = NO;
				GCC_NO_COMMON_BLOCKS = YES;
				GCC_OPTIMIZATION_LEVEL = 0;
				GCC_PREPROCESSOR_DEFINITIONS = (
					"DEBUG=1",
					"$(inherited)",
				);
				GCC_WARN_64_TO_32_BIT_CONVERSION = YES;
				GCC_WARN_ABOUT_RETURN_TYPE = YES_ERROR;
				GCC_WARN_UNDECLARED_SELECTOR = YES;
				GCC_WARN_UNINITIALIZED_AUTOS = YES_AGGRESSIVE;
				GCC_WARN_UNUSED_FUNCTION = YES;
				GCC_WARN_UNUSED_VARIABLE = YES;
				IPHONEOS_DEPLOYMENT_TARGET = 10.2;
				MTL_ENABLE_DEBUG_INFO = YES;
				ONLY_ACTIVE_ARCH = YES;
				SDKROOT = iphoneos;
				SWIFT_ACTIVE_COMPILATION_CONDITIONS = DEBUG;
				SWIFT_OPTIMIZATION_LEVEL = "-Onone";
				TARGETED_DEVICE_FAMILY = "1,2";
			};
			name = Debug;
		};
		47228E101E8EB9B200C261F9 /* Release */ = {
			isa = XCBuildConfiguration;
			buildSettings = {
				ALWAYS_SEARCH_USER_PATHS = NO;
				CLANG_ANALYZER_LOCALIZABILITY_NONLOCALIZED = YES;
				CLANG_ANALYZER_NONNULL = YES;
				CLANG_CXX_LANGUAGE_STANDARD = "gnu++0x";
				CLANG_CXX_LIBRARY = "libc++";
				CLANG_ENABLE_MODULES = YES;
				CLANG_ENABLE_OBJC_ARC = YES;
				CLANG_WARN_BOOL_CONVERSION = YES;
				CLANG_WARN_CONSTANT_CONVERSION = YES;
				CLANG_WARN_DIRECT_OBJC_ISA_USAGE = YES_ERROR;
				CLANG_WARN_DOCUMENTATION_COMMENTS = YES;
				CLANG_WARN_EMPTY_BODY = YES;
				CLANG_WARN_ENUM_CONVERSION = YES;
				CLANG_WARN_INFINITE_RECURSION = YES;
				CLANG_WARN_INT_CONVERSION = YES;
				CLANG_WARN_OBJC_ROOT_CLASS = YES_ERROR;
				CLANG_WARN_SUSPICIOUS_MOVE = YES;
				CLANG_WARN_UNREACHABLE_CODE = YES;
				CLANG_WARN__DUPLICATE_METHOD_MATCH = YES;
				"CODE_SIGN_IDENTITY[sdk=iphoneos*]" = "iPhone Developer";
				COPY_PHASE_STRIP = NO;
				DEBUG_INFORMATION_FORMAT = "dwarf-with-dsym";
				ENABLE_NS_ASSERTIONS = NO;
				ENABLE_STRICT_OBJC_MSGSEND = YES;
				GCC_C_LANGUAGE_STANDARD = gnu99;
				GCC_NO_COMMON_BLOCKS = YES;
				GCC_WARN_64_TO_32_BIT_CONVERSION = YES;
				GCC_WARN_ABOUT_RETURN_TYPE = YES_ERROR;
				GCC_WARN_UNDECLARED_SELECTOR = YES;
				GCC_WARN_UNINITIALIZED_AUTOS = YES_AGGRESSIVE;
				GCC_WARN_UNUSED_FUNCTION = YES;
				GCC_WARN_UNUSED_VARIABLE = YES;
				IPHONEOS_DEPLOYMENT_TARGET = 10.2;
				MTL_ENABLE_DEBUG_INFO = NO;
				SDKROOT = iphoneos;
				SWIFT_OPTIMIZATION_LEVEL = "-Owholemodule";
				TARGETED_DEVICE_FAMILY = "1,2";
				VALIDATE_PRODUCT = YES;
			};
			name = Release;
		};
		47228E121E8EB9B200C261F9 /* Debug */ = {
			isa = XCBuildConfiguration;
			buildSettings = {
				ASSETCATALOG_COMPILER_APPICON_NAME = AppIcon;
				DEVELOPMENT_TEAM = AM3YAYSGAM;
				FRAMEWORK_SEARCH_PATHS = (
					"$(inherited)",
					"$(PROJECT_DIR)/Carthage/Build/iOS",
				);
				INFOPLIST_FILE = DuePayments/Info.plist;
				LD_RUNPATH_SEARCH_PATHS = "$(inherited) @executable_path/Frameworks";
				PRODUCT_BUNDLE_IDENTIFIER = com.suryu.DuePayments;
				PRODUCT_NAME = "$(TARGET_NAME)";
				SWIFT_VERSION = 3.0;
			};
			name = Debug;
		};
		47228E131E8EB9B200C261F9 /* Release */ = {
			isa = XCBuildConfiguration;
			buildSettings = {
				ASSETCATALOG_COMPILER_APPICON_NAME = AppIcon;
				DEVELOPMENT_TEAM = AM3YAYSGAM;
				FRAMEWORK_SEARCH_PATHS = (
					"$(inherited)",
					"$(PROJECT_DIR)/Carthage/Build/iOS",
				);
				INFOPLIST_FILE = DuePayments/Info.plist;
				LD_RUNPATH_SEARCH_PATHS = "$(inherited) @executable_path/Frameworks";
				PRODUCT_BUNDLE_IDENTIFIER = com.suryu.DuePayments;
				PRODUCT_NAME = "$(TARGET_NAME)";
				SWIFT_VERSION = 3.0;
			};
			name = Release;
		};
		47228E151E8EB9B200C261F9 /* Debug */ = {
			isa = XCBuildConfiguration;
			buildSettings = {
				ALWAYS_EMBED_SWIFT_STANDARD_LIBRARIES = YES;
				BUNDLE_LOADER = "$(TEST_HOST)";
				DEVELOPMENT_TEAM = AM3YAYSGAM;
				INFOPLIST_FILE = DuePaymentsTests/Info.plist;
				LD_RUNPATH_SEARCH_PATHS = "$(inherited) @executable_path/Frameworks @loader_path/Frameworks";
				PRODUCT_BUNDLE_IDENTIFIER = com.suryu.DuePaymentsTests;
				PRODUCT_NAME = "$(TARGET_NAME)";
				SWIFT_VERSION = 3.0;
				TEST_HOST = "$(BUILT_PRODUCTS_DIR)/DuePayments.app/DuePayments";
			};
			name = Debug;
		};
		47228E161E8EB9B200C261F9 /* Release */ = {
			isa = XCBuildConfiguration;
			buildSettings = {
				ALWAYS_EMBED_SWIFT_STANDARD_LIBRARIES = YES;
				BUNDLE_LOADER = "$(TEST_HOST)";
				DEVELOPMENT_TEAM = AM3YAYSGAM;
				INFOPLIST_FILE = DuePaymentsTests/Info.plist;
				LD_RUNPATH_SEARCH_PATHS = "$(inherited) @executable_path/Frameworks @loader_path/Frameworks";
				PRODUCT_BUNDLE_IDENTIFIER = com.suryu.DuePaymentsTests;
				PRODUCT_NAME = "$(TARGET_NAME)";
				SWIFT_VERSION = 3.0;
				TEST_HOST = "$(BUILT_PRODUCTS_DIR)/DuePayments.app/DuePayments";
			};
			name = Release;
		};
		47228E181E8EB9B200C261F9 /* Debug */ = {
			isa = XCBuildConfiguration;
			buildSettings = {
				ALWAYS_EMBED_SWIFT_STANDARD_LIBRARIES = YES;
				DEVELOPMENT_TEAM = AM3YAYSGAM;
				INFOPLIST_FILE = DuePaymentsUITests/Info.plist;
				LD_RUNPATH_SEARCH_PATHS = "$(inherited) @executable_path/Frameworks @loader_path/Frameworks";
				PRODUCT_BUNDLE_IDENTIFIER = com.suryu.DuePaymentsUITests;
				PRODUCT_NAME = "$(TARGET_NAME)";
				SWIFT_VERSION = 3.0;
				TEST_TARGET_NAME = DuePayments;
			};
			name = Debug;
		};
		47228E191E8EB9B200C261F9 /* Release */ = {
			isa = XCBuildConfiguration;
			buildSettings = {
				ALWAYS_EMBED_SWIFT_STANDARD_LIBRARIES = YES;
				DEVELOPMENT_TEAM = AM3YAYSGAM;
				INFOPLIST_FILE = DuePaymentsUITests/Info.plist;
				LD_RUNPATH_SEARCH_PATHS = "$(inherited) @executable_path/Frameworks @loader_path/Frameworks";
				PRODUCT_BUNDLE_IDENTIFIER = com.suryu.DuePaymentsUITests;
				PRODUCT_NAME = "$(TARGET_NAME)";
				SWIFT_VERSION = 3.0;
				TEST_TARGET_NAME = DuePayments;
			};
			name = Release;
		};
/* End XCBuildConfiguration section */

/* Begin XCConfigurationList section */
		47228DE41E8EB9B200C261F9 /* Build configuration list for PBXProject "DuePayments" */ = {
			isa = XCConfigurationList;
			buildConfigurations = (
				47228E0F1E8EB9B200C261F9 /* Debug */,
				47228E101E8EB9B200C261F9 /* Release */,
			);
			defaultConfigurationIsVisible = 0;
			defaultConfigurationName = Release;
		};
		47228E111E8EB9B200C261F9 /* Build configuration list for PBXNativeTarget "DuePayments" */ = {
			isa = XCConfigurationList;
			buildConfigurations = (
				47228E121E8EB9B200C261F9 /* Debug */,
				47228E131E8EB9B200C261F9 /* Release */,
			);
			defaultConfigurationIsVisible = 0;
			defaultConfigurationName = Release;
		};
		47228E141E8EB9B200C261F9 /* Build configuration list for PBXNativeTarget "DuePaymentsTests" */ = {
			isa = XCConfigurationList;
			buildConfigurations = (
				47228E151E8EB9B200C261F9 /* Debug */,
				47228E161E8EB9B200C261F9 /* Release */,
			);
			defaultConfigurationIsVisible = 0;
			defaultConfigurationName = Release;
		};
		47228E171E8EB9B200C261F9 /* Build configuration list for PBXNativeTarget "DuePaymentsUITests" */ = {
			isa = XCConfigurationList;
			buildConfigurations = (
				47228E181E8EB9B200C261F9 /* Debug */,
				47228E191E8EB9B200C261F9 /* Release */,
			);
			defaultConfigurationIsVisible = 0;
			defaultConfigurationName = Release;
		};
/* End XCConfigurationList section */
	};
	rootObject = 47228DE11E8EB9B200C261F9 /* Project object */;
}
